Microsoft Visual Studio Solution File, Format Version 12.00
# Visual Studio 2012
Project("{FAE04EC0-301F-11D3-BF4B-00C04F79EFBC}") = "Little Adventurer – Learn to Make a 3D Action Game with Godot by Single-minded Ryan", "Little Adventurer – Learn to Make a 3D Action Game with Godot by Single-minded Ryan.csproj", "{37D9B4A8-FF00-4F6E-B407-8B75B9948C2E}"
EndProject
Global
	GlobalSection(SolutionConfigurationPlatforms) = preSolution
	Debug|Any CPU = Debug|Any CPU
	ExportDebug|Any CPU = ExportDebug|Any CPU
	ExportRelease|Any CPU = ExportRelease|Any CPU
	EndGlobalSection
	GlobalSection(ProjectConfigurationPlatforms) = postSolution
		{37D9B4A8-FF00-4F6E-B407-8B75B9948C2E}.Debug|Any CPU.ActiveCfg = Debug|Any CPU
		{37D9B4A8-FF00-4F6E-B407-8B75B9948C2E}.Debug|Any CPU.Build.0 = Debug|Any CPU
		{37D9B4A8-FF00-4F6E-B407-8B75B9948C2E}.ExportDebug|Any CPU.ActiveCfg = ExportDebug|Any CPU
		{37D9B4A8-FF00-4F6E-B407-8B75B9948C2E}.ExportDebug|Any CPU.Build.0 = ExportDebug|Any CPU
		{37D9B4A8-FF00-4F6E-B407-8B75B9948C2E}.ExportRelease|Any CPU.ActiveCfg = ExportRelease|Any CPU
		{37D9B4A8-FF00-4F6E-B407-8B75B9948C2E}.ExportRelease|Any CPU.Build.0 = ExportRelease|Any CPU
	EndGlobalSection
EndGlobal
